{
  "name": "@galerinaa/devtools-benchmarks",
  "version": "1.0.0-beta.2",
  "lockfileVersion": 3,
  "requires": true,
  "packages": {
    "": {
      "name": "@galerinaa/devtools-benchmarks",
      "version": "1.0.0-beta.2",
      "license": "Apache-2.0",
      "dependencies": {
        "@galerinaa/core-compiler": "file:../galerina-core-compiler"
      },
      "engines": {
        "node": ">=18"
      }
    },
    "../galerina-core-compiler": {
      "name": "@galerina/core-compiler",
      "version": "0.1.0-beta.0",
      "extraneous": true,
      "license": "Apache-2.0",
      "dependencies": {
        "@galerina/devtools-graph-algorithms": "file:../galerina-devtools-graph-algorithms",
        "@galerina/substrate-math": "file:../galerina-substrate-math",
        "@noble/post-quantum": "^0.6.1",
        "argon2": "^0.44.0",
        "bcryptjs": "^3.0.3",
        "wabt": "^1.0.39",
        "wat-wasm": "^1.0.43"
      },
      "bin": {
        "galerina": "dist/cli.js"
      },
      "devDependencies": {
        "typescript": "^5.5.0"
      },
      "engines": {
        "node": ">=18"
      }
    },
    "node_modules/@galerinaa/core-compiler": {
      "resolved": "../galerina-core-compiler",
      "link": true
    }
  }
}
