{
  "name": "@galerina/framework-api-server",
  "version": "1.0.0-beta.2",
  "lockfileVersion": 3,
  "requires": true,
  "packages": {
    "": {
      "name": "@galerina/framework-api-server",
      "version": "1.0.0-beta.2",
      "license": "Apache-2.0",
      "dependencies": {
        "@galerina/core-network": "file:../galerina-core-network",
        "@galerina/framework-app-kernel": "file:../galerina-framework-app-kernel",
        "@galerina/tower-citizen": "file:../galerina-tower-citizen"
      },
      "devDependencies": {
        "typescript": "^5.5.0"
      },
      "engines": {
        "node": ">=18"
      }
    },
    "../galerina-core-network": {
      "name": "@galerina/core-network",
      "version": "1.0.0-beta.2",
      "license": "Apache-2.0",
      "dependencies": {
        "@galerina/tower-citizen": "file:../galerina-tower-citizen"
      },
      "devDependencies": {
        "typescript": "^5.5.0"
      },
      "engines": {
        "node": ">=18"
      }
    },
    "../galerina-framework-app-kernel": {
      "name": "@galerina/framework-app-kernel",
      "version": "1.0.0-beta.2",
      "license": "Apache-2.0",
      "devDependencies": {
        "typescript": "^5.5.0"
      },
      "engines": {
        "node": ">=18"
      }
    },
    "../galerina-tower-citizen": {
      "name": "@galerina/tower-citizen",
      "version": "1.0.0-beta.2",
      "license": "Apache-2.0",
      "dependencies": {
        "@galerina/inference-bridge-contract": "file:../galerina-inference-bridge-contract",
        "@galerina/substrate-math": "file:../galerina-substrate-math",
        "@noble/post-quantum": "^0.6.1"
      },
      "devDependencies": {
        "@types/node": "^25.9.1",
        "typescript": "^5.5.0"
      }
    },
    "node_modules/@galerina/core-network": {
      "resolved": "../galerina-core-network",
      "link": true
    },
    "node_modules/@galerina/framework-app-kernel": {
      "resolved": "../galerina-framework-app-kernel",
      "link": true
    },
    "node_modules/@galerina/tower-citizen": {
      "resolved": "../galerina-tower-citizen",
      "link": true
    },
    "node_modules/typescript": {
      "version": "5.9.3",
      "resolved": "https://registry.npmjs.org/typescript/-/typescript-5.9.3.tgz",
      "integrity": "sha512-jl1vZzPDinLr9eUt3J/t7V6FgNEw9QjvBPdysz9KfQDD41fQrC2Y4vKQdiaUpFT4bXlb1RHhLpp8wtm6M5TgSw==",
      "dev": true,
      "license": "Apache-2.0",
      "bin": {
        "tsc": "bin/tsc",
        "tsserver": "bin/tsserver"
      },
      "engines": {
        "node": ">=14.17"
      }
    }
  }
}
