{
  "name": "@galerina/data-response",
  "version": "1.0.0-beta.2",
  "lockfileVersion": 3,
  "requires": true,
  "packages": {
    "": {
      "name": "@galerina/data-response",
      "version": "1.0.0-beta.2",
      "license": "Apache-2.0",
      "engines": {
        "node": ">=18"
      }
    }
  }
}
