{
  "name": "@galerina/devtools-pci",
  "version": "1.0.0-beta.2",
  "lockfileVersion": 3,
  "requires": true,
  "packages": {
    "": {
      "name": "@galerina/devtools-pci",
      "version": "1.0.0-beta.2",
      "dependencies": {
        "@galerina/core-compiler": "file:../galerina-core-compiler"
      },
      "bin": {
        "galerina-pci": "dist/cli.js"
      },
      "devDependencies": {
        "@types/node": "^25.9.1",
        "typescript": "^5.5.0"
      }
    },
    "../galerina-core-compiler": {
      "name": "@galerina/core-compiler",
      "version": "1.0.0-beta.2",
      "license": "Apache-2.0",
      "dependencies": {
        "@galerina/core-network": "file:../galerina-core-network",
        "@galerina/devtools-graph-algorithms": "file:../galerina-devtools-graph-algorithms",
        "@galerina/substrate-math": "file:../galerina-substrate-math",
        "@noble/post-quantum": "^0.6.1",
        "argon2": "^0.44.0",
        "bcryptjs": "^3.0.3",
        "wabt": "^1.0.39",
        "wat-wasm": "^1.0.43"
      },
      "bin": {
        "galerina": "dist/cli.js"
      },
      "devDependencies": {
        "typescript": "^5.5.0"
      },
      "engines": {
        "node": ">=18"
      }
    },
    "../galerina-core-compiler": {
      "name": "@galerina/core-compiler",
      "version": "0.1.0-beta.0",
      "extraneous": true,
      "license": "Apache-2.0",
      "dependencies": {
        "@galerina/devtools-graph-algorithms": "file:../galerina-devtools-graph-algorithms",
        "@noble/post-quantum": "^0.6.1",
        "argon2": "^0.44.0",
        "bcryptjs": "^3.0.3",
        "wabt": "^1.0.39",
        "wat-wasm": "^1.0.43"
      },
      "bin": {
        "galerina": "dist/cli.js"
      },
      "devDependencies": {
        "typescript": "^5.5.0"
      },
      "engines": {
        "node": ">=18"
      }
    },
    "node_modules/@galerina/core-compiler": {
      "resolved": "../galerina-core-compiler",
      "link": true
    },
    "node_modules/@types/node": {
      "version": "25.9.1",
      "resolved": "https://registry.npmjs.org/@types/node/-/node-25.9.1.tgz",
      "integrity": "sha512-xfrlY7UD5rMJk3ZVJP8BNzS28J36YJg+xp+LPXV1TdWxr8uMH5A860QNxYDGQe/ylDSgjxE52Q9VnO7p75tJxg==",
      "dev": true,
      "license": "MIT",
      "dependencies": {
        "undici-types": ">=7.24.0 <7.24.7"
      }
    },
    "node_modules/typescript": {
      "version": "5.9.3",
      "resolved": "https://registry.npmjs.org/typescript/-/typescript-5.9.3.tgz",
      "integrity": "sha512-jl1vZzPDinLr9eUt3J/t7V6FgNEw9QjvBPdysz9KfQDD41fQrC2Y4vKQdiaUpFT4bXlb1RHhLpp8wtm6M5TgSw==",
      "dev": true,
      "license": "Apache-2.0",
      "bin": {
        "tsc": "bin/tsc",
        "tsserver": "bin/tsserver"
      },
      "engines": {
        "node": ">=14.17"
      }
    },
    "node_modules/undici-types": {
      "version": "7.24.6",
      "resolved": "https://registry.npmjs.org/undici-types/-/undici-types-7.24.6.tgz",
      "integrity": "sha512-WRNW+sJgj5OBN4/0JpHFqtqzhpbnV0GuB+OozA9gCL7a993SmU+1JBZCzLNxYsbMfIeDL+lTsphD5jN5N+n0zg==",
      "dev": true,
      "license": "MIT"
    }
  }
}
