{
  "name": "@galerina/ext-secrets-tmf",
  "version": "1.0.0-beta.2",
  "lockfileVersion": 3,
  "requires": true,
  "packages": {
    "": {
      "name": "@galerina/ext-secrets-tmf",
      "version": "1.0.0-beta.2",
      "license": "Apache-2.0",
      "dependencies": {
        "@galerina/ext-tmf": "file:../galerina-ext-tmf",
        "@noble/hashes": "^2.2.0"
      },
      "bin": {
        "galerina-secrets-tmf": "dist/cli.js"
      },
      "devDependencies": {
        "@types/node": "^22.10.0",
        "typescript": "^5.5.0"
      }
    },
    "../galerina-ext-tmf": {
      "name": "@galerina/ext-tmf",
      "version": "1.0.0-beta.2",
      "license": "Apache-2.0",
      "devDependencies": {
        "@types/node": "^22.10.0",
        "typescript": "^5.5.0"
      }
    },
    "../galerina-ext-tmf": {
      "name": "@galerin/ext-tmf",
      "version": "1.0.0-beta.2",
      "extraneous": true,
      "license": "Apache-2.0",
      "devDependencies": {
        "@types/node": "^22.10.0",
        "typescript": "^5.5.0"
      }
    },
    "node_modules/@galerina/ext-tmf": {
      "resolved": "../galerina-ext-tmf",
      "link": true
    },
    "node_modules/@noble/hashes": {
      "version": "2.2.0",
      "resolved": "https://registry.npmjs.org/@noble/hashes/-/hashes-2.2.0.tgz",
      "integrity": "sha512-IYqDGiTXab6FniAgnSdZwgWbomxpy9FtYvLKs7wCUs2a8RkITG+DFGO1DM9cr+E3/RgADRpFjrKVaJ1z6sjtEg==",
      "license": "MIT",
      "engines": {
        "node": ">= 20.19.0"
      },
      "funding": {
        "url": "https://paulmillr.com/funding/"
      }
    },
    "node_modules/@types/node": {
      "version": "22.20.0",
      "resolved": "https://registry.npmjs.org/@types/node/-/node-22.20.0.tgz",
      "integrity": "sha512-QWlFW2wf3nTjC13/DqRnBpR4ZO36VJH/JVBkA/vcnmbTBNQIlnObqyqZE1tUR7+Ni23Lda8R1BxMfbXRpCUx5g==",
      "dev": true,
      "license": "MIT",
      "dependencies": {
        "undici-types": "~6.21.0"
      }
    },
    "node_modules/typescript": {
      "version": "5.9.3",
      "resolved": "https://registry.npmjs.org/typescript/-/typescript-5.9.3.tgz",
      "integrity": "sha512-jl1vZzPDinLr9eUt3J/t7V6FgNEw9QjvBPdysz9KfQDD41fQrC2Y4vKQdiaUpFT4bXlb1RHhLpp8wtm6M5TgSw==",
      "dev": true,
      "license": "Apache-2.0",
      "bin": {
        "tsc": "bin/tsc",
        "tsserver": "bin/tsserver"
      },
      "engines": {
        "node": ">=14.17"
      }
    },
    "node_modules/undici-types": {
      "version": "6.21.0",
      "resolved": "https://registry.npmjs.org/undici-types/-/undici-types-6.21.0.tgz",
      "integrity": "sha512-iwDZqg0QAGrg9Rav5H4n0M64c3mkR59cJ6wQp+7C4nI0gsmExaedaYLNO44eT4AtBBwjbTiGPMlt2Md0T9H9JQ==",
      "dev": true,
      "license": "MIT"
    }
  }
}
