{
  "name": "@logicn/devtools-benchmarks",
  "version": "0.1.0",
  "lockfileVersion": 3,
  "requires": true,
  "packages": {
    "": {
      "name": "@logicn/devtools-benchmarks",
      "version": "0.1.0",
      "license": "Apache-2.0",
      "dependencies": {
        "@logicn/core-compiler": "file:../logicn-core-compiler"
      },
      "engines": {
        "node": ">=18"
      }
    },
    "../logicn-core-compiler": {
      "name": "@logicn/core-compiler",
      "version": "0.1.0-beta.0",
      "license": "Apache-2.0",
      "dependencies": {
        "@logicn/devtools-graph-algorithms": "file:../logicn-devtools-graph-algorithms",
        "@noble/post-quantum": "^0.6.1",
        "argon2": "^0.44.0",
        "bcryptjs": "^3.0.3",
        "wabt": "^1.0.39",
        "wat-wasm": "^1.0.43"
      },
      "bin": {
        "logicn": "dist/cli.js"
      },
      "devDependencies": {
        "typescript": "^5.5.0"
      },
      "engines": {
        "node": ">=18"
      }
    },
    "node_modules/@logicn/core-compiler": {
      "resolved": "../logicn-core-compiler",
      "link": true
    }
  }
}
